Microsoft Visual Studio Solution File, Format Version 12.00
# Visual Studio Version 17
VisualStudioVersion = 17.5.2.0
MinimumVisualStudioVersion = 10.0.40219.1
Project("{FAE04EC0-301F-11D3-BF4B-00C04F79EFBC}") = "mamba.TorchDiscordSync", "mamba.TorchDiscordSync.csproj", "{0697E9D7-6B2B-C6DE-AEB3-28FC0144787C}"
EndProject
Global
	GlobalSection(SolutionConfigurationPlatforms) = preSolution
		Debug|Any CPU = Debug|Any CPU
		Release|Any CPU = Release|Any CPU
	EndGlobalSection
	GlobalSection(ProjectConfigurationPlatforms) = postSolution
		{0697E9D7-6B2B-C6DE-AEB3-28FC0144787C}.Debug|Any CPU.ActiveCfg = Debug|Any CPU
		{0697E9D7-6B2B-C6DE-AEB3-28FC0144787C}.Debug|Any CPU.Build.0 = Debug|Any CPU
		{0697E9D7-6B2B-C6DE-AEB3-28FC0144787C}.Release|Any CPU.ActiveCfg = Release|Any CPU
		{0697E9D7-6B2B-C6DE-AEB3-28FC0144787C}.Release|Any CPU.Build.0 = Release|Any CPU
	EndGlobalSection
	GlobalSection(SolutionProperties) = preSolution
		HideSolutionNode = FALSE
	EndGlobalSection
	GlobalSection(ExtensibilityGlobals) = postSolution
		SolutionGuid = {C8168CB7-559D-447B-8A60-ECCEBD76C201}
	EndGlobalSection
EndGlobal
